
Microsoft Visual Studio Solution File, Format Version 12.00
# Visual Studio Version 17
VisualStudioVersion = 17.5.33414.496
MinimumVisualStudioVersion = 10.0.40219.1
Project("{FAE04EC0-301F-11D3-BF4B-00C04F79EFBC}") = "kmjForm2", "kmjForm2\kmjForm2.csproj", "{243CA3A7-1A84-421F-8912-3972DE1FAAA9}"
EndProject
Global
	GlobalSection(SolutionConfigurationPlatforms) = preSolution
		Debug|Any CPU = Debug|Any CPU
		Release|Any CPU = Release|Any CPU
	EndGlobalSection
	GlobalSection(ProjectConfigurationPlatforms) = postSolution
		{243CA3A7-1A84-421F-8912-3972DE1FAAA9}.Debug|Any CPU.ActiveCfg = Debug|Any CPU
		{243CA3A7-1A84-421F-8912-3972DE1FAAA9}.Debug|Any CPU.Build.0 = Debug|Any CPU
		{243CA3A7-1A84-421F-8912-3972DE1FAAA9}.Release|Any CPU.ActiveCfg = Release|Any CPU
		{243CA3A7-1A84-421F-8912-3972DE1FAAA9}.Release|Any CPU.Build.0 = Release|Any CPU
	EndGlobalSection
	GlobalSection(SolutionProperties) = preSolution
		HideSolutionNode = FALSE
	EndGlobalSection
	GlobalSection(ExtensibilityGlobals) = postSolution
		SolutionGuid = {789FB326-1970-41A0-ACD4-9F4FCE8007AB}
	EndGlobalSection
EndGlobal
